// !$*UTF8*$!
{
	archiveVersion = 1;
	classes = {
	};
	objectVersion = 48;
	objects = {

/* Begin PBXBuildFile section */
		DE7FF7A81F7864FA00A87D27 /* AppDelegate.swift in Sources */ = {isa = PBXBuildFile; fileRef = DE7FF7A71F7864FA00A87D27 /* AppDelegate.swift */; };
		DE7FF7AA1F7864FA00A87D27 /* ViewController.swift in Sources */ = {isa = PBXBuildFile; fileRef = DE7FF7A91F7864FA00A87D27 /* ViewController.swift */; };
		DE7FF7AD1F7864FA00A87D27 /* Main.storyboard in Resources */ = {isa = PBXBuildFile; fileRef = DE7FF7AB1F7864FA00A87D27 /* Main.storyboard */; };
		DE7FF7B01F7864FA00A87D27 /* Noter.xcdatamodeld in Sources */ = {isa = PBXBuildFile; fileRef = DE7FF7AE1F7864FA00A87D27 /* Noter.xcdatamodeld */; };
		DE7FF7B21F7864FA00A87D27 /* Assets.xcassets in Resources */ = {isa = PBXBuildFile; fileRef = DE7FF7B11F7864FA00A87D27 /* Assets.xcassets */; };
		DE7FF7B51F7864FA00A87D27 /* LaunchScreen.storyboard in Resources */ = {isa = PBXBuildFile; fileRef = DE7FF7B31F7864FA00A87D27 /* LaunchScreen.storyboard */; };
		DE7FF7C01F7864FA00A87D27 /* NoterTests.swift in Sources */ = {isa = PBXBuildFile; fileRef = DE7FF7BF1F7864FA00A87D27 /* NoterTests.swift */; };
		DE7FF7CB1F7864FA00A87D27 /* NoterUITests.swift in Sources */ = {isa = PBXBuildFile; fileRef = DE7FF7CA1F7864FA00A87D27 /* NoterUITests.swift */; };
		DE7FF7D91F78697200A87D27 /* Material View.swift in Sources */ = {isa = PBXBuildFile; fileRef = DE7FF7D81F78697200A87D27 /* Material View.swift */; };
		DE7FF7DE1F78705400A87D27 /* NoteCell.swift in Sources */ = {isa = PBXBuildFile; fileRef = DE7FF7DD1F78705400A87D27 /* NoteCell.swift */; };
		DEDA042B1F795C7D00C013F4 /* Note+CoreDataClass.swift in Sources */ = {isa = PBXBuildFile; fileRef = DEDA04291F795C7D00C013F4 /* Note+CoreDataClass.swift */; };
		DEDA042C1F795C7D00C013F4 /* Note+CoreDataProperties.swift in Sources */ = {isa = PBXBuildFile; fileRef = DEDA042A1F795C7D00C013F4 /* Note+CoreDataProperties.swift */; };
		DEDA042E1F796E7600C013F4 /* NoteDetailVC.swift in Sources */ = {isa = PBXBuildFile; fileRef = DEDA042D1F796E7600C013F4 /* NoteDetailVC.swift */; };
		DEDA04301F79785400C013F4 /* CardView.swift in Sources */ = {isa = PBXBuildFile; fileRef = DEDA042F1F79785400C013F4 /* CardView.swift */; };
/* End PBXBuildFile section */

/* Begin PBXContainerItemProxy section */
		DE7FF7BC1F7864FA00A87D27 /* PBXContainerItemProxy */ = {
			isa = PBXContainerItemProxy;
			containerPortal = DE7FF79C1F7864F900A87D27 /* Project object */;
			proxyType = 1;
			remoteGlobalIDString = DE7FF7A31F7864FA00A87D27;
			remoteInfo = Noter;
		};
		DE7FF7C71F7864FA00A87D27 /* PBXContainerItemProxy */ = {
			isa = PBXContainerItemProxy;
			containerPortal = DE7FF79C1F7864F900A87D27 /* Project object */;
			proxyType = 1;
			remoteGlobalIDString = DE7FF7A31F7864FA00A87D27;
			remoteInfo = Noter;
		};
/* End PBXContainerItemProxy section */

/* Begin PBXFileReference section */
		DE7FF7A41F7864FA00A87D27 /* Noter.app */ = {isa = PBXFileReference; explicitFileType = wrapper.application; includeInIndex = 0; path = Noter.app; sourceTree = BUILT_PRODUCTS_DIR; };
		DE7FF7A71F7864FA00A87D27 /* AppDelegate.swift */ = {isa = PBXFileReference; lastKnownFileType = sourcecode.swift; path = AppDelegate.swift; sourceTree = "<group>"; };
		DE7FF7A91F7864FA00A87D27 /* ViewController.swift */ = {isa = PBXFileReference; lastKnownFileType = sourcecode.swift; path = ViewController.swift; sourceTree = "<group>"; };
		DE7FF7AC1F7864FA00A87D27 /* Base */ = {isa = PBXFileReference; lastKnownFileType = file.storyboard; name = Base; path = Base.lproj/Main.storyboard; sourceTree = "<group>"; };
		DE7FF7AF1F7864FA00A87D27 /* Noter.xcdatamodel */ = {isa = PBXFileReference; lastKnownFileType = wrapper.xcdatamodel; path = Noter.xcdatamodel; sourceTree = "<group>"; };
		DE7FF7B11F7864FA00A87D27 /* Assets.xcassets */ = {isa = PBXFileReference; lastKnownFileType = folder.assetcatalog; path = Assets.xcassets; sourceTree = "<group>"; };
		DE7FF7B41F7864FA00A87D27 /* Base */ = {isa = PBXFileReference; lastKnownFileType = file.storyboard; name = Base; path = Base.lproj/LaunchScreen.storyboard; sourceTree = "<group>"; };
		DE7FF7B61F7864FA00A87D27 /* Info.plist */ = {isa = PBXFileReference; lastKnownFileType = text.plist.xml; path = Info.plist; sourceTree = "<group>"; };
		DE7FF7BB1F7864FA00A87D27 /* NoterTests.xctest */ = {isa = PBXFileReference; explicitFileType = wrapper.cfbundle; includeInIndex = 0; path = NoterTests.xctest; sourceTree = BUILT_PRODUCTS_DIR; };
		DE7FF7BF1F7864FA00A87D27 /* NoterTests.swift */ = {isa = PBXFileReference; lastKnownFileType = sourcecode.swift; path = NoterTests.swift; sourceTree = "<group>"; };
		DE7FF7C11F7864FA00A87D27 /* Info.plist */ = {isa = PBXFileReference; lastKnownFileType = text.plist.xml; path = Info.plist; sourceTree = "<group>"; };
		DE7FF7C61F7864FA00A87D27 /* NoterUITests.xctest */ = {isa = PBXFileReference; explicitFileType = wrapper.cfbundle; includeInIndex = 0; path = NoterUITests.xctest; sourceTree = BUILT_PRODUCTS_DIR; };
		DE7FF7CA1F7864FA00A87D27 /* NoterUITests.swift */ = {isa = PBXFileReference; lastKnownFileType = sourcecode.swift; path = NoterUITests.swift; sourceTree = "<group>"; };
		DE7FF7CC1F7864FA00A87D27 /* Info.plist */ = {isa = PBXFileReference; lastKnownFileType = text.plist.xml; path = Info.plist; sourceTree = "<group>"; };
		DE7FF7D81F78697200A87D27 /* Material View.swift */ = {isa = PBXFileReference; lastKnownFileType = sourcecode.swift; path = "Material View.swift"; sourceTree = "<group>"; };
		DE7FF7DD1F78705400A87D27 /* NoteCell.swift */ = {isa = PBXFileReference; lastKnownFileType = sourcecode.swift; path = NoteCell.swift; sourceTree = "<group>"; };
		DEDA04291F795C7D00C013F4 /* Note+CoreDataClass.swift */ = {isa = PBXFileReference; lastKnownFileType = sourcecode.swift; path = "Note+CoreDataClass.swift"; sourceTree = "<group>"; };
		DEDA042A1F795C7D00C013F4 /* Note+CoreDataProperties.swift */ = {isa = PBXFileReference; lastKnownFileType = sourcecode.swift; path = "Note+CoreDataProperties.swift"; sourceTree = "<group>"; };
		DEDA042D1F796E7600C013F4 /* NoteDetailVC.swift */ = {isa = PBXFileReference; lastKnownFileType = sourcecode.swift; path = NoteDetailVC.swift; sourceTree = "<group>"; };
		DEDA042F1F79785400C013F4 /* CardView.swift */ = {isa = PBXFileReference; lastKnownFileType = sourcecode.swift; path = CardView.swift; sourceTree = "<group>"; };
/* End PBXFileReference section */

/* Begin PBXFrameworksBuildPhase section */
		DE7FF7A11F7864FA00A87D27 /* Frameworks */ = {
			isa = PBXFrameworksBuildPhase;
			buildActionMask = 2147483647;
			files = (
			);
			runOnlyForDeploymentPostprocessing = 0;
		};
		DE7FF7B81F7864FA00A87D27 /* Frameworks */ = {
			isa = PBXFrameworksBuildPhase;
			buildActionMask = 2147483647;
			files = (
			);
			runOnlyForDeploymentPostprocessing = 0;
		};
		DE7FF7C31F7864FA00A87D27 /* Frameworks */ = {
			isa = PBXFrameworksBuildPhase;
			buildActionMask = 2147483647;
			files = (
			);
			runOnlyForDeploymentPostprocessing = 0;
		};
/* End PBXFrameworksBuildPhase section */

/* Begin PBXGroup section */
		DE7FF79B1F7864F900A87D27 = {
			isa = PBXGroup;
			children = (
				DE7FF7A61F7864FA00A87D27 /* Noter */,
				DE7FF7BE1F7864FA00A87D27 /* NoterTests */,
				DE7FF7C91F7864FA00A87D27 /* NoterUITests */,
				DE7FF7A51F7864FA00A87D27 /* Products */,
			);
			sourceTree = "<group>";
		};
		DE7FF7A51F7864FA00A87D27 /* Products */ = {
			isa = PBXGroup;
			children = (
				DE7FF7A41F7864FA00A87D27 /* Noter.app */,
				DE7FF7BB1F7864FA00A87D27 /* NoterTests.xctest */,
				DE7FF7C61F7864FA00A87D27 /* NoterUITests.xctest */,
			);
			name = Products;
			sourceTree = "<group>";
		};
		DE7FF7A61F7864FA00A87D27 /* Noter */ = {
			isa = PBXGroup;
			children = (
				DE7FF7DC1F78701C00A87D27 /* Controller */,
				DE7FF7DB1F786FAA00A87D27 /* Views */,
				DE7FF7DA1F786C3200A87D27 /* Model */,
				DE7FF7A71F7864FA00A87D27 /* AppDelegate.swift */,
				DE7FF7B11F7864FA00A87D27 /* Assets.xcassets */,
				DE7FF7B61F7864FA00A87D27 /* Info.plist */,
			);
			path = Noter;
			sourceTree = "<group>";
		};
		DE7FF7BE1F7864FA00A87D27 /* NoterTests */ = {
			isa = PBXGroup;
			children = (
				DE7FF7BF1F7864FA00A87D27 /* NoterTests.swift */,
				DE7FF7C11F7864FA00A87D27 /* Info.plist */,
			);
			path = NoterTests;
			sourceTree = "<group>";
		};
		DE7FF7C91F7864FA00A87D27 /* NoterUITests */ = {
			isa = PBXGroup;
			children = (
				DE7FF7CA1F7864FA00A87D27 /* NoterUITests.swift */,
				DE7FF7CC1F7864FA00A87D27 /* Info.plist */,
			);
			path = NoterUITests;
			sourceTree = "<group>";
		};
		DE7FF7DA1F786C3200A87D27 /* Model */ = {
			isa = PBXGroup;
			children = (
				DEDA04291F795C7D00C013F4 /* Note+CoreDataClass.swift */,
				DEDA042A1F795C7D00C013F4 /* Note+CoreDataProperties.swift */,
				DE7FF7AE1F7864FA00A87D27 /* Noter.xcdatamodeld */,
			);
			path = Model;
			sourceTree = "<group>";
		};
		DE7FF7DB1F786FAA00A87D27 /* Views */ = {
			isa = PBXGroup;
			children = (
				DE7FF7D81F78697200A87D27 /* Material View.swift */,
				DE7FF7B31F7864FA00A87D27 /* LaunchScreen.storyboard */,
				DE7FF7AB1F7864FA00A87D27 /* Main.storyboard */,
				DE7FF7DD1F78705400A87D27 /* NoteCell.swift */,
				DEDA042F1F79785400C013F4 /* CardView.swift */,
			);
			path = Views;
			sourceTree = "<group>";
		};
		DE7FF7DC1F78701C00A87D27 /* Controller */ = {
			isa = PBXGroup;
			children = (
				DE7FF7A91F7864FA00A87D27 /* ViewController.swift */,
				DEDA042D1F796E7600C013F4 /* NoteDetailVC.swift */,
			);
			path = Controller;
			sourceTree = "<group>";
		};
/* End PBXGroup section */

/* Begin PBXNativeTarget section */
		DE7FF7A31F7864FA00A87D27 /* Noter */ = {
			isa = PBXNativeTarget;
			buildConfigurationList = DE7FF7CF1F7864FA00A87D27 /* Build configuration list for PBXNativeTarget "Noter" */;
			buildPhases = (
				DE7FF7A01F7864FA00A87D27 /* Sources */,
				DE7FF7A11F7864FA00A87D27 /* Frameworks */,
				DE7FF7A21F7864FA00A87D27 /* Resources */,
			);
			buildRules = (
			);
			dependencies = (
			);
			name = Noter;
			productName = Noter;
			productReference = DE7FF7A41F7864FA00A87D27 /* Noter.app */;
			productType = "com.apple.product-type.application";
		};
		DE7FF7BA1F7864FA00A87D27 /* NoterTests */ = {
			isa = PBXNativeTarget;
			buildConfigurationList = DE7FF7D21F7864FA00A87D27 /* Build configuration list for PBXNativeTarget "NoterTests" */;
			buildPhases = (
				DE7FF7B71F7864FA00A87D27 /* Sources */,
				DE7FF7B81F7864FA00A87D27 /* Frameworks */,
				DE7FF7B91F7864FA00A87D27 /* Resources */,
			);
			buildRules = (
			);
			dependencies = (
				DE7FF7BD1F7864FA00A87D27 /* PBXTargetDependency */,
			);
			name = NoterTests;
			productName = NoterTests;
			productReference = DE7FF7BB1F7864FA00A87D27 /* NoterTests.xctest */;
			productType = "com.apple.product-type.bundle.unit-test";
		};
		DE7FF7C51F7864FA00A87D27 /* NoterUITests */ = {
			isa = PBXNativeTarget;
			buildConfigurationList = DE7FF7D51F7864FA00A87D27 /* Build configuration list for PBXNativeTarget "NoterUITests" */;
			buildPhases = (
				DE7FF7C21F7864FA00A87D27 /* Sources */,
				DE7FF7C31F7864FA00A87D27 /* Frameworks */,
				DE7FF7C41F7864FA00A87D27 /* Resources */,
			);
			buildRules = (
			);
			dependencies = (
				DE7FF7C81F7864FA00A87D27 /* PBXTargetDependency */,
			);
			name = NoterUITests;
			productName = NoterUITests;
			productReference = DE7FF7C61F7864FA00A87D27 /* NoterUITests.xctest */;
			productType = "com.apple.product-type.bundle.ui-testing";
		};
/* End PBXNativeTarget section */

/* Begin PBXProject section */
		DE7FF79C1F7864F900A87D27 /* Project object */ = {
			isa = PBXProject;
			attributes = {
				LastSwiftUpdateCheck = 0900;
				LastUpgradeCheck = 0900;
				ORGANIZATIONNAME = Santiago;
				TargetAttributes = {
					DE7FF7A31F7864FA00A87D27 = {
						CreatedOnToolsVersion = 9.0;
						ProvisioningStyle = Automatic;
					};
					DE7FF7BA1F7864FA00A87D27 = {
						CreatedOnToolsVersion = 9.0;
						ProvisioningStyle = Automatic;
						TestTargetID = DE7FF7A31F7864FA00A87D27;
					};
					DE7FF7C51F7864FA00A87D27 = {
						CreatedOnToolsVersion = 9.0;
						ProvisioningStyle = Automatic;
						TestTargetID = DE7FF7A31F7864FA00A87D27;
					};
				};
			};
			buildConfigurationList = DE7FF79F1F7864F900A87D27 /* Build configuration list for PBXProject "Noter" */;
			compatibilityVersion = "Xcode 8.0";
			developmentRegion = en;
			hasScannedForEncodings = 0;
			knownRegions = (
				en,
				Base,
			);
			mainGroup = DE7FF79B1F7864F900A87D27;
			productRefGroup = DE7FF7A51F7864FA00A87D27 /* Products */;
			projectDirPath = "";
			projectRoot = "";
			targets = (
				DE7FF7A31F7864FA00A87D27 /* Noter */,
				DE7FF7BA1F7864FA00A87D27 /* NoterTests */,
				DE7FF7C51F7864FA00A87D27 /* NoterUITests */,
			);
		};
/* End PBXProject section */

/* Begin PBXResourcesBuildPhase section */
		DE7FF7A21F7864FA00A87D27 /* Resources */ = {
			isa = PBXResourcesBuildPhase;
			buildActionMask = 2147483647;
			files = (
				DE7FF7B51F7864FA00A87D27 /* LaunchScreen.storyboard in Resources */,
				DE7FF7B21F7864FA00A87D27 /* Assets.xcassets in Resources */,
				DE7FF7AD1F7864FA00A87D27 /* Main.storyboard in Resources */,
			);
			runOnlyForDeploymentPostprocessing = 0;
		};
		DE7FF7B91F7864FA00A87D27 /* Resources */ = {
			isa = PBXResourcesBuildPhase;
			buildActionMask = 2147483647;
			files = (
			);
			runOnlyForDeploymentPostprocessing = 0;
		};
		DE7FF7C41F7864FA00A87D27 /* Resources */ = {
			isa = PBXResourcesBuildPhase;
			buildActionMask = 2147483647;
			files = (
			);
			runOnlyForDeploymentPostprocessing = 0;
		};
/* End PBXResourcesBuildPhase section */

/* Begin PBXSourcesBuildPhase section */
		DE7FF7A01F7864FA00A87D27 /* Sources */ = {
			isa = PBXSourcesBuildPhase;
			buildActionMask = 2147483647;
			files = (
				DE7FF7D91F78697200A87D27 /* Material View.swift in Sources */,
				DEDA04301F79785400C013F4 /* CardView.swift in Sources */,
				DEDA042C1F795C7D00C013F4 /* Note+CoreDataProperties.swift in Sources */,
				DE7FF7AA1F7864FA00A87D27 /* ViewController.swift in Sources */,
				DE7FF7DE1F78705400A87D27 /* NoteCell.swift in Sources */,
				DEDA042B1F795C7D00C013F4 /* Note+CoreDataClass.swift in Sources */,
				DE7FF7A81F7864FA00A87D27 /* AppDelegate.swift in Sources */,
				DE7FF7B01F7864FA00A87D27 /* Noter.xcdatamodeld in Sources */,
				DEDA042E1F796E7600C013F4 /* NoteDetailVC.swift in Sources */,
			);
			runOnlyForDeploymentPostprocessing = 0;
		};
		DE7FF7B71F7864FA00A87D27 /* Sources */ = {
			isa = PBXSourcesBuildPhase;
			buildActionMask = 2147483647;
			files = (
				DE7FF7C01F7864FA00A87D27 /* NoterTests.swift in Sources */,
			);
			runOnlyForDeploymentPostprocessing = 0;
		};
		DE7FF7C21F7864FA00A87D27 /* Sources */ = {
			isa = PBXSourcesBuildPhase;
			buildActionMask = 2147483647;
			files = (
				DE7FF7CB1F7864FA00A87D27 /* NoterUITests.swift in Sources */,
			);
			runOnlyForDeploymentPostprocessing = 0;
		};
/* End PBXSourcesBuildPhase section */

/* Begin PBXTargetDependency section */
		DE7FF7BD1F7864FA00A87D27 /* PBXTargetDependency */ = {
			isa = PBXTargetDependency;
			target = DE7FF7A31F7864FA00A87D27 /* Noter */;
			targetProxy = DE7FF7BC1F7864FA00A87D27 /* PBXContainerItemProxy */;
		};
		DE7FF7C81F7864FA00A87D27 /* PBXTargetDependency */ = {
			isa = PBXTargetDependency;
			target = DE7FF7A31F7864FA00A87D27 /* Noter */;
			targetProxy = DE7FF7C71F7864FA00A87D27 /* PBXContainerItemProxy */;
		};
/* End PBXTargetDependency section */

/* Begin PBXVariantGroup section */
		DE7FF7AB1F7864FA00A87D27 /* Main.storyboard */ = {
			isa = PBXVariantGroup;
			children = (
				DE7FF7AC1F7864FA00A87D27 /* Base */,
			);
			name = Main.storyboard;
			sourceTree = "<group>";
		};
		DE7FF7B31F7864FA00A87D27 /* LaunchScreen.storyboard */ = {
			isa = PBXVariantGroup;
			children = (
				DE7FF7B41F7864FA00A87D27 /* Base */,
			);
			name = LaunchScreen.storyboard;
			sourceTree = "<group>";
		};
/* End PBXVariantGroup section */

/* Begin XCBuildConfiguration section */
		DE7FF7CD1F7864FA00A87D27 /* Debug */ = {
			isa = XCBuildConfiguration;
			buildSettings = {
				ALWAYS_SEARCH_USER_PATHS = NO;
				CLANG_ANALYZER_NONNULL = YES;
				CLANG_ANALYZER_NUMBER_OBJECT_CONVERSION = YES_AGGRESSIVE;
				CLANG_CXX_LANGUAGE_STANDARD = "gnu++14";
				CLANG_CXX_LIBRARY = "libc++";
				CLANG_ENABLE_MODULES = YES;
				CLANG_ENABLE_OBJC_ARC = YES;
				CLANG_WARN_BLOCK_CAPTURE_AUTORELEASING = YES;
				CLANG_WARN_BOOL_CONVERSION = YES;
				CLANG_WARN_COMMA = YES;
				CLANG_WARN_CONSTANT_CONVERSION = YES;
				CLANG_WARN_DIRECT_OBJC_ISA_USAGE = YES_ERROR;
				CLANG_WARN_DOCUMENTATION_COMMENTS = YES;
				CLANG_WARN_EMPTY_BODY = YES;
				CLANG_WARN_ENUM_CONVERSION = YES;
				CLANG_WARN_INFINITE_RECURSION = YES;
				CLANG_WARN_INT_CONVERSION = YES;
				CLANG_WARN_NON_LITERAL_NULL_CONVERSION = YES;
				CLANG_WARN_OBJC_LITERAL_CONVERSION = YES;
				CLANG_WARN_OBJC_ROOT_CLASS = YES_ERROR;
				CLANG_WARN_RANGE_LOOP_ANALYSIS = YES;
				CLANG_WARN_STRICT_PROTOTYPES = YES;
				CLANG_WARN_SUSPICIOUS_MOVE = YES;
				CLANG_WARN_UNGUARDED_AVAILABILITY = YES_AGGRESSIVE;
				CLANG_WARN_UNREACHABLE_CODE = YES;
				CLANG_WARN__DUPLICATE_METHOD_MATCH = YES;
				CODE_SIGN_IDENTITY = "iPhone Developer";
				COPY_PHASE_STRIP = NO;
				DEBUG_INFORMATION_FORMAT = dwarf;
				ENABLE_STRICT_OBJC_MSGSEND = YES;
				ENABLE_TESTABILITY = YES;
				GCC_C_LANGUAGE_STANDARD = gnu11;
				GCC_DYNAMIC_NO_PIC = NO;
				GCC_NO_COMMON_BLOCKS = YES;
				GCC_OPTIMIZATION_LEVEL = 0;
				GCC_PREPROCESSOR_DEFINITIONS = (
					"DEBUG=1",
					"$(inherited)",
				);
				GCC_WARN_64_TO_32_BIT_CONVERSION = YES;
				GCC_WARN_ABOUT_RETURN_TYPE = YES_ERROR;
				GCC_WARN_UNDECLARED_SELECTOR = YES;
				GCC_WARN_UNINITIALIZED_AUTOS = YES_AGGRESSIVE;
				GCC_WARN_UNUSED_FUNCTION = YES;
				GCC_WARN_UNUSED_VARIABLE = YES;
				IPHONEOS_DEPLOYMENT_TARGET = 11.0;
				MTL_ENABLE_DEBUG_INFO = YES;
				ONLY_ACTIVE_ARCH = YES;
				SDKROOT = iphoneos;
				SWIFT_ACTIVE_COMPILATION_CONDITIONS = DEBUG;
				SWIFT_OPTIMIZATION_LEVEL = "-Onone";
			};
			name = Debug;
		};
		DE7FF7CE1F7864FA00A87D27 /* Release */ = {
			isa = XCBuildConfiguration;
			buildSettings = {
				ALWAYS_SEARCH_USER_PATHS = NO;
				CLANG_ANALYZER_NONNULL = YES;
				CLANG_ANALYZER_NUMBER_OBJECT_CONVERSION = YES_AGGRESSIVE;
				CLANG_CXX_LANGUAGE_STANDARD = "gnu++14";
				CLANG_CXX_LIBRARY = "libc++";
				CLANG_ENABLE_MODULES = YES;
				CLANG_ENABLE_OBJC_ARC = YES;
				CLANG_WARN_BLOCK_CAPTURE_AUTORELEASING = YES;
				CLANG_WARN_BOOL_CONVERSION = YES;
				CLANG_WARN_COMMA = YES;
				CLANG_WARN_CONSTANT_CONVERSION = YES;
				CLANG_WARN_DIRECT_OBJC_ISA_USAGE = YES_ERROR;
				CLANG_WARN_DOCUMENTATION_COMMENTS = YES;
				CLANG_WARN_EMPTY_BODY = YES;
				CLANG_WARN_ENUM_CONVERSION = YES;
				CLANG_WARN_INFINITE_RECURSION = YES;
				CLANG_WARN_INT_CONVERSION = YES;
				CLANG_WARN_NON_LITERAL_NULL_CONVERSION = YES;
				CLANG_WARN_OBJC_LITERAL_CONVERSION = YES;
				CLANG_WARN_OBJC_ROOT_CLASS = YES_ERROR;
				CLANG_WARN_RANGE_LOOP_ANALYSIS = YES;
				CLANG_WARN_STRICT_PROTOTYPES = YES;
				CLANG_WARN_SUSPICIOUS_MOVE = YES;
				CLANG_WARN_UNGUARDED_AVAILABILITY = YES_AGGRESSIVE;
				CLANG_WARN_UNREACHABLE_CODE = YES;
				CLANG_WARN__DUPLICATE_METHOD_MATCH = YES;
				CODE_SIGN_IDENTITY = "iPhone Developer";
				COPY_PHASE_STRIP = NO;
				DEBUG_INFORMATION_FORMAT = "dwarf-with-dsym";
				ENABLE_NS_ASSERTIONS = NO;
				ENABLE_STRICT_OBJC_MSGSEND = YES;
				GCC_C_LANGUAGE_STANDARD = gnu11;
				GCC_NO_COMMON_BLOCKS = YES;
				GCC_WARN_64_TO_32_BIT_CONVERSION = YES;
				GCC_WARN_ABOUT_RETURN_TYPE = YES_ERROR;
				GCC_WARN_UNDECLARED_SELECTOR = YES;
				GCC_WARN_UNINITIALIZED_AUTOS = YES_AGGRESSIVE;
				GCC_WARN_UNUSED_FUNCTION = YES;
				GCC_WARN_UNUSED_VARIABLE = YES;
				IPHONEOS_DEPLOYMENT_TARGET = 11.0;
				MTL_ENABLE_DEBUG_INFO = NO;
				SDKROOT = iphoneos;
				SWIFT_OPTIMIZATION_LEVEL = "-Owholemodule";
				VALIDATE_PRODUCT = YES;
			};
			name = Release;
		};
		DE7FF7D01F7864FA00A87D27 /* Debug */ = {
			isa = XCBuildConfiguration;
			buildSettings = {
				ASSETCATALOG_COMPILER_APPICON_NAME = AppIcon;
				CODE_SIGN_STYLE = Automatic;
				INFOPLIST_FILE = Noter/Info.plist;
				LD_RUNPATH_SEARCH_PATHS = "$(inherited) @executable_path/Frameworks";
				PRODUCT_BUNDLE_IDENTIFIER = Bod.Noter;
				PRODUCT_NAME = "$(TARGET_NAME)";
				SWIFT_VERSION = 4.0;
				TARGETED_DEVICE_FAMILY = "1,2";
			};
			name = Debug;
		};
		DE7FF7D11F7864FA00A87D27 /* Release */ = {
			isa = XCBuildConfiguration;
			buildSettings = {
				ASSETCATALOG_COMPILER_APPICON_NAME = AppIcon;
				CODE_SIGN_STYLE = Automatic;
				INFOPLIST_FILE = Noter/Info.plist;
				LD_RUNPATH_SEARCH_PATHS = "$(inherited) @executable_path/Frameworks";
				PRODUCT_BUNDLE_IDENTIFIER = Bod.Noter;
				PRODUCT_NAME = "$(TARGET_NAME)";
				SWIFT_VERSION = 4.0;
				TARGETED_DEVICE_FAMILY = "1,2";
			};
			name = Release;
		};
		DE7FF7D31F7864FA00A87D27 /* Debug */ = {
			isa = XCBuildConfiguration;
			buildSettings = {
				ALWAYS_EMBED_SWIFT_STANDARD_LIBRARIES = YES;
				BUNDLE_LOADER = "$(TEST_HOST)";
				CODE_SIGN_STYLE = Automatic;
				INFOPLIST_FILE = NoterTests/Info.plist;
				LD_RUNPATH_SEARCH_PATHS = "$(inherited) @executable_path/Frameworks @loader_path/Frameworks";
				PRODUCT_BUNDLE_IDENTIFIER = Bod.NoterTests;
				PRODUCT_NAME = "$(TARGET_NAME)";
				SWIFT_VERSION = 4.0;
				TARGETED_DEVICE_FAMILY = "1,2";
				TEST_HOST = "$(BUILT_PRODUCTS_DIR)/Noter.app/Noter";
			};
			name = Debug;
		};
		DE7FF7D41F7864FA00A87D27 /* Release */ = {
			isa = XCBuildConfiguration;
			buildSettings = {
				ALWAYS_EMBED_SWIFT_STANDARD_LIBRARIES = YES;
				BUNDLE_LOADER = "$(TEST_HOST)";
				CODE_SIGN_STYLE = Automatic;
				INFOPLIST_FILE = NoterTests/Info.plist;
				LD_RUNPATH_SEARCH_PATHS = "$(inherited) @executable_path/Frameworks @loader_path/Frameworks";
				PRODUCT_BUNDLE_IDENTIFIER = Bod.NoterTests;
				PRODUCT_NAME = "$(TARGET_NAME)";
				SWIFT_VERSION = 4.0;
				TARGETED_DEVICE_FAMILY = "1,2";
				TEST_HOST = "$(BUILT_PRODUCTS_DIR)/Noter.app/Noter";
			};
			name = Release;
		};
		DE7FF7D61F7864FA00A87D27 /* Debug */ = {
			isa = XCBuildConfiguration;
			buildSettings = {
				ALWAYS_EMBED_SWIFT_STANDARD_LIBRARIES = YES;
				CODE_SIGN_STYLE = Automatic;
				INFOPLIST_FILE = NoterUITests/Info.plist;
				LD_RUNPATH_SEARCH_PATHS = "$(inherited) @executable_path/Frameworks @loader_path/Frameworks";
				PRODUCT_BUNDLE_IDENTIFIER = Bod.NoterUITests;
				PRODUCT_NAME = "$(TARGET_NAME)";
				SWIFT_VERSION = 4.0;
				TARGETED_DEVICE_FAMILY = "1,2";
				TEST_TARGET_NAME = Noter;
			};
			name = Debug;
		};
		DE7FF7D71F7864FA00A87D27 /* Release */ = {
			isa = XCBuildConfiguration;
			buildSettings = {
				ALWAYS_EMBED_SWIFT_STANDARD_LIBRARIES = YES;
				CODE_SIGN_STYLE = Automatic;
				INFOPLIST_FILE = NoterUITests/Info.plist;
				LD_RUNPATH_SEARCH_PATHS = "$(inherited) @executable_path/Frameworks @loader_path/Frameworks";
				PRODUCT_BUNDLE_IDENTIFIER = Bod.NoterUITests;
				PRODUCT_NAME = "$(TARGET_NAME)";
				SWIFT_VERSION = 4.0;
				TARGETED_DEVICE_FAMILY = "1,2";
				TEST_TARGET_NAME = Noter;
			};
			name = Release;
		};
/* End XCBuildConfiguration section */

/* Begin XCConfigurationList section */
		DE7FF79F1F7864F900A87D27 /* Build configuration list for PBXProject "Noter" */ = {
			isa = XCConfigurationList;
			buildConfigurations = (
				DE7FF7CD1F7864FA00A87D27 /* Debug */,
				DE7FF7CE1F7864FA00A87D27 /* Release */,
			);
			defaultConfigurationIsVisible = 0;
			defaultConfigurationName = Release;
		};
		DE7FF7CF1F7864FA00A87D27 /* Build configuration list for PBXNativeTarget "Noter" */ = {
			isa = XCConfigurationList;
			buildConfigurations = (
				DE7FF7D01F7864FA00A87D27 /* Debug */,
				DE7FF7D11F7864FA00A87D27 /* Release */,
			);
			defaultConfigurationIsVisible = 0;
			defaultConfigurationName = Release;
		};
		DE7FF7D21F7864FA00A87D27 /* Build configuration list for PBXNativeTarget "NoterTests" */ = {
			isa = XCConfigurationList;
			buildConfigurations = (
				DE7FF7D31F7864FA00A87D27 /* Debug */,
				DE7FF7D41F7864FA00A87D27 /* Release */,
			);
			defaultConfigurationIsVisible = 0;
			defaultConfigurationName = Release;
		};
		DE7FF7D51F7864FA00A87D27 /* Build configuration list for PBXNativeTarget "NoterUITests" */ = {
			isa = XCConfigurationList;
			buildConfigurations = (
				DE7FF7D61F7864FA00A87D27 /* Debug */,
				DE7FF7D71F7864FA00A87D27 /* Release */,
			);
			defaultConfigurationIsVisible = 0;
			defaultConfigurationName = Release;
		};
/* End XCConfigurationList section */

/* Begin XCVersionGroup section */
		DE7FF7AE1F7864FA00A87D27 /* Noter.xcdatamodeld */ = {
			isa = XCVersionGroup;
			children = (
				DE7FF7AF1F7864FA00A87D27 /* Noter.xcdatamodel */,
			);
			currentVersion = DE7FF7AF1F7864FA00A87D27 /* Noter.xcdatamodel */;
			path = Noter.xcdatamodeld;
			sourceTree = "<group>";
			versionGroupType = wrapper.xcdatamodel;
		};
/* End XCVersionGroup section */
	};
	rootObject = DE7FF79C1F7864F900A87D27 /* Project object */;
}
